
Microsoft Visual Studio Solution File, Format Version 12.00
# Visual Studio 14
VisualStudioVersion = 14.0.25420.1
MinimumVisualStudioVersion = 10.0.40219.1
Project("{FAE04EC0-301F-11D3-BF4B-00C04F79EFBC}") = "Fences", "Fences\Fences.csproj", "{DC9B2FF9-D29C-409A-A92F-C75FF8D216FF}"
EndProject
Project("{FAE04EC0-301F-11D3-BF4B-00C04F79EFBC}") = "FencesTests", "FencesTests\FencesTests.csproj", "{A2DC053F-5677-4778-BDD0-196444B7D21D}"
EndProject
Project("{FAE04EC0-301F-11D3-BF4B-00C04F79EFBC}") = "Viewports", "Viewports\Viewports.csproj", "{4F3B1D94-3C29-45F1-A4E2-5256223043AE}"
EndProject
Project("{FAE04EC0-301F-11D3-BF4B-00C04F79EFBC}") = "CoordGuru", "CoordGuru\CoordGuru.csproj", "{F72F45B2-BB51-4546-AA3B-F975DE5270B0}"
EndProject
Global
	GlobalSection(SolutionConfigurationPlatforms) = preSolution
		Debug|Any CPU = Debug|Any CPU
		Release|Any CPU = Release|Any CPU
	EndGlobalSection
	GlobalSection(ProjectConfigurationPlatforms) = postSolution
		{DC9B2FF9-D29C-409A-A92F-C75FF8D216FF}.Debug|Any CPU.ActiveCfg = Debug|Any CPU
		{DC9B2FF9-D29C-409A-A92F-C75FF8D216FF}.Debug|Any CPU.Build.0 = Debug|Any CPU
		{DC9B2FF9-D29C-409A-A92F-C75FF8D216FF}.Release|Any CPU.ActiveCfg = Release|Any CPU
		{DC9B2FF9-D29C-409A-A92F-C75FF8D216FF}.Release|Any CPU.Build.0 = Release|Any CPU
		{A2DC053F-5677-4778-BDD0-196444B7D21D}.Debug|Any CPU.ActiveCfg = Debug|Any CPU
		{A2DC053F-5677-4778-BDD0-196444B7D21D}.Debug|Any CPU.Build.0 = Debug|Any CPU
		{A2DC053F-5677-4778-BDD0-196444B7D21D}.Release|Any CPU.ActiveCfg = Release|Any CPU
		{A2DC053F-5677-4778-BDD0-196444B7D21D}.Release|Any CPU.Build.0 = Release|Any CPU
		{4F3B1D94-3C29-45F1-A4E2-5256223043AE}.Debug|Any CPU.ActiveCfg = Debug|Any CPU
		{4F3B1D94-3C29-45F1-A4E2-5256223043AE}.Debug|Any CPU.Build.0 = Debug|Any CPU
		{4F3B1D94-3C29-45F1-A4E2-5256223043AE}.Release|Any CPU.ActiveCfg = Release|Any CPU
		{4F3B1D94-3C29-45F1-A4E2-5256223043AE}.Release|Any CPU.Build.0 = Release|Any CPU
		{F72F45B2-BB51-4546-AA3B-F975DE5270B0}.Debug|Any CPU.ActiveCfg = Debug|Any CPU
		{F72F45B2-BB51-4546-AA3B-F975DE5270B0}.Debug|Any CPU.Build.0 = Debug|Any CPU
		{F72F45B2-BB51-4546-AA3B-F975DE5270B0}.Release|Any CPU.ActiveCfg = Release|Any CPU
		{F72F45B2-BB51-4546-AA3B-F975DE5270B0}.Release|Any CPU.Build.0 = Release|Any CPU
	EndGlobalSection
	GlobalSection(SolutionProperties) = preSolution
		HideSolutionNode = FALSE
	EndGlobalSection
EndGlobal
